
Microsoft Visual Studio Solution File, Format Version 12.00
Project("{FAE04EC0-301F-11D3-BF4B-00C04F79EFBC}") = "GameConsole", "GameConsole\GameConsole.csproj", "{F77B6548-FA40-4846-8AB8-8B5C9719C5EE}"
EndProject
Project("{FAE04EC0-301F-11D3-BF4B-00C04F79EFBC}") = "GameOfLifeOOP", "GameOfLifeOOP\GameOfLifeOOP.csproj", "{545E2985-20E2-4C6E-8F8F-5FCE18CE321A}"
EndProject
Project("{FAE04EC0-301F-11D3-BF4B-00C04F79EFBC}") = "GameOfLifeOOPTests", "GameOfLifeOOPTests\GameOfLifeOOPTests.csproj", "{29BF64BA-D55D-4069-A787-553BE0506E4B}"
EndProject
Project("{FAE04EC0-301F-11D3-BF4B-00C04F79EFBC}") = "GameOfLifeFunctionalTests", "GameOfLifeFunctionalTests\GameOfLifeFunctionalTests.csproj", "{5E50C158-D567-48AC-8889-B020EC2AE828}"
EndProject
Project("{FAE04EC0-301F-11D3-BF4B-00C04F79EFBC}") = "GameOfLifeFunctional", "GameOfLifeFunctional\GameOfLifeFunctional.csproj", "{A23F0907-4C8A-4213-AD38-3690F3C2F747}"
EndProject
Project("{2150E333-8FDC-42A3-9474-1A3956D46DE8}") = "SDo", "SDo", "{D7378D5E-12D2-4C42-9735-F4D0EC0DAB77}"
EndProject
Project("{2150E333-8FDC-42A3-9474-1A3956D46DE8}") = "GameOfLife", "GameOfLife", "{3880F62A-B2D6-406F-825B-E388CB031045}"
EndProject
Project("{2150E333-8FDC-42A3-9474-1A3956D46DE8}") = "NumberParsing", "NumberParsing", "{8DB0BE06-5989-4B7F-9D87-F028929A5E61}"
EndProject
Project("{FAE04EC0-301F-11D3-BF4B-00C04F79EFBC}") = "RomanParsing", "RomanParsing\RomanParsing.csproj", "{4E3C9E96-9410-49A0-AE7D-0DF2B60ED5A4}"
EndProject
Project("{FAE04EC0-301F-11D3-BF4B-00C04F79EFBC}") = "RomanParsingTests", "RomanParsingTests\RomanParsingTests.csproj", "{BD83DC23-0465-4D9D-BBE6-7A91113DF0A5}"
EndProject
Global
	GlobalSection(SolutionConfigurationPlatforms) = preSolution
		Debug|Any CPU = Debug|Any CPU
		Release|Any CPU = Release|Any CPU
	EndGlobalSection
	GlobalSection(ProjectConfigurationPlatforms) = postSolution
		{F77B6548-FA40-4846-8AB8-8B5C9719C5EE}.Debug|Any CPU.ActiveCfg = Debug|Any CPU
		{F77B6548-FA40-4846-8AB8-8B5C9719C5EE}.Debug|Any CPU.Build.0 = Debug|Any CPU
		{F77B6548-FA40-4846-8AB8-8B5C9719C5EE}.Release|Any CPU.ActiveCfg = Release|Any CPU
		{F77B6548-FA40-4846-8AB8-8B5C9719C5EE}.Release|Any CPU.Build.0 = Release|Any CPU
		{545E2985-20E2-4C6E-8F8F-5FCE18CE321A}.Debug|Any CPU.ActiveCfg = Debug|Any CPU
		{545E2985-20E2-4C6E-8F8F-5FCE18CE321A}.Debug|Any CPU.Build.0 = Debug|Any CPU
		{545E2985-20E2-4C6E-8F8F-5FCE18CE321A}.Release|Any CPU.ActiveCfg = Release|Any CPU
		{545E2985-20E2-4C6E-8F8F-5FCE18CE321A}.Release|Any CPU.Build.0 = Release|Any CPU
		{29BF64BA-D55D-4069-A787-553BE0506E4B}.Debug|Any CPU.ActiveCfg = Debug|Any CPU
		{29BF64BA-D55D-4069-A787-553BE0506E4B}.Debug|Any CPU.Build.0 = Debug|Any CPU
		{29BF64BA-D55D-4069-A787-553BE0506E4B}.Release|Any CPU.ActiveCfg = Release|Any CPU
		{29BF64BA-D55D-4069-A787-553BE0506E4B}.Release|Any CPU.Build.0 = Release|Any CPU
		{5E50C158-D567-48AC-8889-B020EC2AE828}.Debug|Any CPU.ActiveCfg = Debug|Any CPU
		{5E50C158-D567-48AC-8889-B020EC2AE828}.Debug|Any CPU.Build.0 = Debug|Any CPU
		{5E50C158-D567-48AC-8889-B020EC2AE828}.Release|Any CPU.ActiveCfg = Release|Any CPU
		{5E50C158-D567-48AC-8889-B020EC2AE828}.Release|Any CPU.Build.0 = Release|Any CPU
		{A23F0907-4C8A-4213-AD38-3690F3C2F747}.Debug|Any CPU.ActiveCfg = Debug|Any CPU
		{A23F0907-4C8A-4213-AD38-3690F3C2F747}.Debug|Any CPU.Build.0 = Debug|Any CPU
		{A23F0907-4C8A-4213-AD38-3690F3C2F747}.Release|Any CPU.ActiveCfg = Release|Any CPU
		{A23F0907-4C8A-4213-AD38-3690F3C2F747}.Release|Any CPU.Build.0 = Release|Any CPU
		{4E3C9E96-9410-49A0-AE7D-0DF2B60ED5A4}.Debug|Any CPU.ActiveCfg = Debug|Any CPU
		{4E3C9E96-9410-49A0-AE7D-0DF2B60ED5A4}.Debug|Any CPU.Build.0 = Debug|Any CPU
		{4E3C9E96-9410-49A0-AE7D-0DF2B60ED5A4}.Release|Any CPU.ActiveCfg = Release|Any CPU
		{4E3C9E96-9410-49A0-AE7D-0DF2B60ED5A4}.Release|Any CPU.Build.0 = Release|Any CPU
		{BD83DC23-0465-4D9D-BBE6-7A91113DF0A5}.Debug|Any CPU.ActiveCfg = Debug|Any CPU
		{BD83DC23-0465-4D9D-BBE6-7A91113DF0A5}.Debug|Any CPU.Build.0 = Debug|Any CPU
		{BD83DC23-0465-4D9D-BBE6-7A91113DF0A5}.Release|Any CPU.ActiveCfg = Release|Any CPU
		{BD83DC23-0465-4D9D-BBE6-7A91113DF0A5}.Release|Any CPU.Build.0 = Release|Any CPU
	EndGlobalSection
	GlobalSection(NestedProjects) = preSolution
		{3880F62A-B2D6-406F-825B-E388CB031045} = {D7378D5E-12D2-4C42-9735-F4D0EC0DAB77}
		{A23F0907-4C8A-4213-AD38-3690F3C2F747} = {3880F62A-B2D6-406F-825B-E388CB031045}
		{5E50C158-D567-48AC-8889-B020EC2AE828} = {3880F62A-B2D6-406F-825B-E388CB031045}
		{545E2985-20E2-4C6E-8F8F-5FCE18CE321A} = {3880F62A-B2D6-406F-825B-E388CB031045}
		{29BF64BA-D55D-4069-A787-553BE0506E4B} = {3880F62A-B2D6-406F-825B-E388CB031045}
		{8DB0BE06-5989-4B7F-9D87-F028929A5E61} = {D7378D5E-12D2-4C42-9735-F4D0EC0DAB77}
		{4E3C9E96-9410-49A0-AE7D-0DF2B60ED5A4} = {8DB0BE06-5989-4B7F-9D87-F028929A5E61}
		{BD83DC23-0465-4D9D-BBE6-7A91113DF0A5} = {8DB0BE06-5989-4B7F-9D87-F028929A5E61}
	EndGlobalSection
EndGlobal
